
Microsoft Visual Studio Solution File, Format Version 12.00
# Visual Studio Version 17
VisualStudioVersion = 17.9.34723.18
MinimumVisualStudioVersion = 10.0.40219.1
Project("{8BC9CEB8-8B4A-11D0-8D11-00A0C91BC942}") = "SPORGLAB10", "SPORGLAB10\SPORGLAB10.vcxproj", "{15D31E52-2983-4F86-9870-13238129EC49}"
EndProject
Global
	GlobalSection(SolutionConfigurationPlatforms) = preSolution
		Debug|x64 = Debug|x64
		Debug|x86 = Debug|x86
		Release|x64 = Release|x64
		Release|x86 = Release|x86
	EndGlobalSection
	GlobalSection(ProjectConfigurationPlatforms) = postSolution
		{15D31E52-2983-4F86-9870-13238129EC49}.Debug|x64.ActiveCfg = Debug|x64
		{15D31E52-2983-4F86-9870-13238129EC49}.Debug|x64.Build.0 = Debug|x64
		{15D31E52-2983-4F86-9870-13238129EC49}.Debug|x86.ActiveCfg = Debug|Win32
		{15D31E52-2983-4F86-9870-13238129EC49}.Debug|x86.Build.0 = Debug|Win32
		{15D31E52-2983-4F86-9870-13238129EC49}.Release|x64.ActiveCfg = Release|x64
		{15D31E52-2983-4F86-9870-13238129EC49}.Release|x64.Build.0 = Release|x64
		{15D31E52-2983-4F86-9870-13238129EC49}.Release|x86.ActiveCfg = Release|Win32
		{15D31E52-2983-4F86-9870-13238129EC49}.Release|x86.Build.0 = Release|Win32
	EndGlobalSection
	GlobalSection(SolutionProperties) = preSolution
		HideSolutionNode = FALSE
	EndGlobalSection
	GlobalSection(ExtensibilityGlobals) = postSolution
		SolutionGuid = {9B3E0C4F-8B50-4CA9-B1B7-176B4D19DA41}
	EndGlobalSection
EndGlobal
